
Microsoft Visual Studio Solution File, Format Version 12.00
# Visual Studio Version 17
VisualStudioVersion = 17.5.33209.295
MinimumVisualStudioVersion = 10.0.40219.1
Project("{FAE04EC0-301F-11D3-BF4B-00C04F79EFBC}") = "OpenWeight", "OpenWeight\OpenWeight.csproj", "{CF680F53-4AFF-424D-BE27-84A0E664E167}"
EndProject
Global
	GlobalSection(SolutionConfigurationPlatforms) = preSolution
		Debug|Any CPU = Debug|Any CPU
		Release|Any CPU = Release|Any CPU
	EndGlobalSection
	GlobalSection(ProjectConfigurationPlatforms) = postSolution
		{CF680F53-4AFF-424D-BE27-84A0E664E167}.Debug|Any CPU.ActiveCfg = Debug|Any CPU
		{CF680F53-4AFF-424D-BE27-84A0E664E167}.Debug|Any CPU.Build.0 = Debug|Any CPU
		{CF680F53-4AFF-424D-BE27-84A0E664E167}.Release|Any CPU.ActiveCfg = Release|Any CPU
		{CF680F53-4AFF-424D-BE27-84A0E664E167}.Release|Any CPU.Build.0 = Release|Any CPU
	EndGlobalSection
	GlobalSection(SolutionProperties) = preSolution
		HideSolutionNode = FALSE
	EndGlobalSection
	GlobalSection(ExtensibilityGlobals) = postSolution
		SolutionGuid = {B84F8E33-5FAE-43B8-ADE8-DB9F39FC8ECF}
	EndGlobalSection
EndGlobal
